
Microsoft Visual Studio Solution File, Format Version 12.00
# Visual Studio 15
VisualStudioVersion = 15.0.26730.16
MinimumVisualStudioVersion = 10.0.40219.1
Project("{D954291E-2A0B-460D-934E-DC6B0785DB48}") = "KokoroIO.XamarinForms", "KokoroIO.XamarinForms\KokoroIO.XamarinForms.shproj", "{9C44FF0E-FCC7-4039-8BA4-F3FD215E28FF}"
EndProject
Project("{FAE04EC0-301F-11D3-BF4B-00C04F79EFBC}") = "KokoroIO.XamarinForms.Android", "KokoroIO.XamarinForms.Android\KokoroIO.XamarinForms.Android.csproj", "{8B227140-DEB8-4B30-8DAB-C23A6C106C42}"
	ProjectSection(ProjectDependencies) = postProject
		{6F5DAE2B-0ABD-4ACD-B835-881F36B412E6} = {6F5DAE2B-0ABD-4ACD-B835-881F36B412E6}
	EndProjectSection
EndProject
Project("{FAE04EC0-301F-11D3-BF4B-00C04F79EFBC}") = "KokoroIO.XamarinForms.iOS", "KokoroIO.XamarinForms.iOS\KokoroIO.XamarinForms.iOS.csproj", "{17F3BDD3-D34A-4F8E-92A2-E4F1156E991B}"
	ProjectSection(ProjectDependencies) = postProject
		{6F5DAE2B-0ABD-4ACD-B835-881F36B412E6} = {6F5DAE2B-0ABD-4ACD-B835-881F36B412E6}
	EndProjectSection
EndProject
Project("{FAE04EC0-301F-11D3-BF4B-00C04F79EFBC}") = "KokoroIO.XamarinForms.UWP", "KokoroIO.XamarinForms.UWP\KokoroIO.XamarinForms.UWP.csproj", "{7069FDA0-144B-4E5A-9C3C-8484EFD2CA98}"
	ProjectSection(ProjectDependencies) = postProject
		{6F5DAE2B-0ABD-4ACD-B835-881F36B412E6} = {6F5DAE2B-0ABD-4ACD-B835-881F36B412E6}
	EndProjectSection
EndProject
Project("{FAE04EC0-301F-11D3-BF4B-00C04F79EFBC}") = "KokoroIO.XamarinForms.Scripts", "KokoroIO.XamarinForms.Scripts\KokoroIO.XamarinForms.Scripts.csproj", "{6F5DAE2B-0ABD-4ACD-B835-881F36B412E6}"
EndProject
Project("{2150E333-8FDC-42A3-9474-1A3956D46DE8}") = "documents", "documents", "{D3D38449-6D2A-44FD-B089-4AC045D64A72}"
	ProjectSection(SolutionItems) = preProject
		..\README.md = ..\README.md
	EndProjectSection
EndProject
Project("{2150E333-8FDC-42A3-9474-1A3956D46DE8}") = "doc", "doc", "{22C5F147-A27E-4513-AC87-B5FF1DC248E3}"
	ProjectSection(SolutionItems) = preProject
		..\doc\scrolling.md = ..\doc\scrolling.md
	EndProjectSection
EndProject
Global
	GlobalSection(SharedMSBuildProjectFiles) = preSolution
		KokoroIO.XamarinForms\KokoroIO.XamarinForms.projitems*{17f3bdd3-d34a-4f8e-92a2-e4f1156e991b}*SharedItemsImports = 4
		KokoroIO.XamarinForms\KokoroIO.XamarinForms.projitems*{7069fda0-144b-4e5a-9c3c-8484efd2ca98}*SharedItemsImports = 4
		KokoroIO.XamarinForms\KokoroIO.XamarinForms.projitems*{8b227140-deb8-4b30-8dab-c23a6c106c42}*SharedItemsImports = 4
		KokoroIO.XamarinForms\KokoroIO.XamarinForms.projitems*{9c44ff0e-fcc7-4039-8ba4-f3fd215e28ff}*SharedItemsImports = 13
	EndGlobalSection
	GlobalSection(SolutionConfigurationPlatforms) = preSolution
		Debug|Any CPU = Debug|Any CPU
		Debug|ARM = Debug|ARM
		Debug|iPhone = Debug|iPhone
		Debug|iPhoneSimulator = Debug|iPhoneSimulator
		Debug|x64 = Debug|x64
		Debug|x86 = Debug|x86
		Release|Any CPU = Release|Any CPU
		Release|ARM = Release|ARM
		Release|iPhone = Release|iPhone
		Release|iPhoneSimulator = Release|iPhoneSimulator
		Release|x64 = Release|x64
		Release|x86 = Release|x86
	EndGlobalSection
	GlobalSection(ProjectConfigurationPlatforms) = postSolution
		{8B227140-DEB8-4B30-8DAB-C23A6C106C42}.Debug|Any CPU.ActiveCfg = Debug|Any CPU
		{8B227140-DEB8-4B30-8DAB-C23A6C106C42}.Debug|Any CPU.Build.0 = Debug|Any CPU
		{8B227140-DEB8-4B30-8DAB-C23A6C106C42}.Debug|Any CPU.Deploy.0 = Debug|Any CPU
		{8B227140-DEB8-4B30-8DAB-C23A6C106C42}.Debug|ARM.ActiveCfg = Debug|Any CPU
		{8B227140-DEB8-4B30-8DAB-C23A6C106C42}.Debug|ARM.Build.0 = Debug|Any CPU
		{8B227140-DEB8-4B30-8DAB-C23A6C106C42}.Debug|ARM.Deploy.0 = Debug|Any CPU
		{8B227140-DEB8-4B30-8DAB-C23A6C106C42}.Debug|iPhone.ActiveCfg = Debug|Any CPU
		{8B227140-DEB8-4B30-8DAB-C23A6C106C42}.Debug|iPhone.Build.0 = Debug|Any CPU
		{8B227140-DEB8-4B30-8DAB-C23A6C106C42}.Debug|iPhone.Deploy.0 = Debug|Any CPU
		{8B227140-DEB8-4B30-8DAB-C23A6C106C42}.Debug|iPhoneSimulator.ActiveCfg = Debug|Any CPU
		{8B227140-DEB8-4B30-8DAB-C23A6C106C42}.Debug|iPhoneSimulator.Build.0 = Debug|Any CPU
		{8B227140-DEB8-4B30-8DAB-C23A6C106C42}.Debug|iPhoneSimulator.Deploy.0 = Debug|Any CPU
		{8B227140-DEB8-4B30-8DAB-C23A6C106C42}.Debug|x64.ActiveCfg = Debug|Any CPU
		{8B227140-DEB8-4B30-8DAB-C23A6C106C42}.Debug|x64.Build.0 = Debug|Any CPU
		{8B227140-DEB8-4B30-8DAB-C23A6C106C42}.Debug|x64.Deploy.0 = Debug|Any CPU
		{8B227140-DEB8-4B30-8DAB-C23A6C106C42}.Debug|x86.ActiveCfg = Debug|Any CPU
		{8B227140-DEB8-4B30-8DAB-C23A6C106C42}.Debug|x86.Build.0 = Debug|Any CPU
		{8B227140-DEB8-4B30-8DAB-C23A6C106C42}.Debug|x86.Deploy.0 = Debug|Any CPU
		{8B227140-DEB8-4B30-8DAB-C23A6C106C42}.Release|Any CPU.ActiveCfg = Release|Any CPU
		{8B227140-DEB8-4B30-8DAB-C23A6C106C42}.Release|Any CPU.Build.0 = Release|Any CPU
		{8B227140-DEB8-4B30-8DAB-C23A6C106C42}.Release|Any CPU.Deploy.0 = Release|Any CPU
		{8B227140-DEB8-4B30-8DAB-C23A6C106C42}.Release|ARM.ActiveCfg = Release|Any CPU
		{8B227140-DEB8-4B30-8DAB-C23A6C106C42}.Release|ARM.Build.0 = Release|Any CPU
		{8B227140-DEB8-4B30-8DAB-C23A6C106C42}.Release|ARM.Deploy.0 = Release|Any CPU
		{8B227140-DEB8-4B30-8DAB-C23A6C106C42}.Release|iPhone.ActiveCfg = Release|Any CPU
		{8B227140-DEB8-4B30-8DAB-C23A6C106C42}.Release|iPhone.Build.0 = Release|Any CPU
		{8B227140-DEB8-4B30-8DAB-C23A6C106C42}.Release|iPhone.Deploy.0 = Release|Any CPU
		{8B227140-DEB8-4B30-8DAB-C23A6C106C42}.Release|iPhoneSimulator.ActiveCfg = Release|Any CPU
		{8B227140-DEB8-4B30-8DAB-C23A6C106C42}.Release|iPhoneSimulator.Build.0 = Release|Any CPU
		{8B227140-DEB8-4B30-8DAB-C23A6C106C42}.Release|iPhoneSimulator.Deploy.0 = Release|Any CPU
		{8B227140-DEB8-4B30-8DAB-C23A6C106C42}.Release|x64.ActiveCfg = Release|Any CPU
		{8B227140-DEB8-4B30-8DAB-C23A6C106C42}.Release|x64.Build.0 = Release|Any CPU
		{8B227140-DEB8-4B30-8DAB-C23A6C106C42}.Release|x64.Deploy.0 = Release|Any CPU
		{8B227140-DEB8-4B30-8DAB-C23A6C106C42}.Release|x86.ActiveCfg = Release|Any CPU
		{8B227140-DEB8-4B30-8DAB-C23A6C106C42}.Release|x86.Build.0 = Release|Any CPU
		{8B227140-DEB8-4B30-8DAB-C23A6C106C42}.Release|x86.Deploy.0 = Release|Any CPU
		{17F3BDD3-D34A-4F8E-92A2-E4F1156E991B}.Debug|Any CPU.ActiveCfg = Debug|iPhone
		{17F3BDD3-D34A-4F8E-92A2-E4F1156E991B}.Debug|ARM.ActiveCfg = Debug|iPhone
		{17F3BDD3-D34A-4F8E-92A2-E4F1156E991B}.Debug|iPhone.ActiveCfg = Debug|iPhone
		{17F3BDD3-D34A-4F8E-92A2-E4F1156E991B}.Debug|iPhone.Build.0 = Debug|iPhone
		{17F3BDD3-D34A-4F8E-92A2-E4F1156E991B}.Debug|iPhoneSimulator.ActiveCfg = Debug|iPhoneSimulator
		{17F3BDD3-D34A-4F8E-92A2-E4F1156E991B}.Debug|iPhoneSimulator.Build.0 = Debug|iPhoneSimulator
		{17F3BDD3-D34A-4F8E-92A2-E4F1156E991B}.Debug|x64.ActiveCfg = Debug|iPhone
		{17F3BDD3-D34A-4F8E-92A2-E4F1156E991B}.Debug|x86.ActiveCfg = Debug|iPhone
		{17F3BDD3-D34A-4F8E-92A2-E4F1156E991B}.Release|Any CPU.ActiveCfg = Release|iPhone
		{17F3BDD3-D34A-4F8E-92A2-E4F1156E991B}.Release|ARM.ActiveCfg = Release|iPhone
		{17F3BDD3-D34A-4F8E-92A2-E4F1156E991B}.Release|iPhone.ActiveCfg = Release|iPhone
		{17F3BDD3-D34A-4F8E-92A2-E4F1156E991B}.Release|iPhone.Build.0 = Release|iPhone
		{17F3BDD3-D34A-4F8E-92A2-E4F1156E991B}.Release|iPhoneSimulator.ActiveCfg = Release|iPhoneSimulator
		{17F3BDD3-D34A-4F8E-92A2-E4F1156E991B}.Release|iPhoneSimulator.Build.0 = Release|iPhoneSimulator
		{17F3BDD3-D34A-4F8E-92A2-E4F1156E991B}.Release|x64.ActiveCfg = Release|iPhone
		{17F3BDD3-D34A-4F8E-92A2-E4F1156E991B}.Release|x86.ActiveCfg = Release|iPhone
		{7069FDA0-144B-4E5A-9C3C-8484EFD2CA98}.Debug|Any CPU.ActiveCfg = Debug|x86
		{7069FDA0-144B-4E5A-9C3C-8484EFD2CA98}.Debug|ARM.ActiveCfg = Debug|ARM
		{7069FDA0-144B-4E5A-9C3C-8484EFD2CA98}.Debug|ARM.Build.0 = Debug|ARM
		{7069FDA0-144B-4E5A-9C3C-8484EFD2CA98}.Debug|ARM.Deploy.0 = Debug|ARM
		{7069FDA0-144B-4E5A-9C3C-8484EFD2CA98}.Debug|iPhone.ActiveCfg = Debug|x86
		{7069FDA0-144B-4E5A-9C3C-8484EFD2CA98}.Debug|iPhoneSimulator.ActiveCfg = Debug|x86
		{7069FDA0-144B-4E5A-9C3C-8484EFD2CA98}.Debug|x64.ActiveCfg = Debug|x64
		{7069FDA0-144B-4E5A-9C3C-8484EFD2CA98}.Debug|x64.Build.0 = Debug|x64
		{7069FDA0-144B-4E5A-9C3C-8484EFD2CA98}.Debug|x64.Deploy.0 = Debug|x64
		{7069FDA0-144B-4E5A-9C3C-8484EFD2CA98}.Debug|x86.ActiveCfg = Debug|x86
		{7069FDA0-144B-4E5A-9C3C-8484EFD2CA98}.Debug|x86.Build.0 = Debug|x86
		{7069FDA0-144B-4E5A-9C3C-8484EFD2CA98}.Debug|x86.Deploy.0 = Debug|x86
		{7069FDA0-144B-4E5A-9C3C-8484EFD2CA98}.Release|Any CPU.ActiveCfg = Release|x86
		{7069FDA0-144B-4E5A-9C3C-8484EFD2CA98}.Release|ARM.ActiveCfg = Release|ARM
		{7069FDA0-144B-4E5A-9C3C-8484EFD2CA98}.Release|ARM.Build.0 = Release|ARM
		{7069FDA0-144B-4E5A-9C3C-8484EFD2CA98}.Release|ARM.Deploy.0 = Release|ARM
		{7069FDA0-144B-4E5A-9C3C-8484EFD2CA98}.Release|iPhone.ActiveCfg = Release|x86
		{7069FDA0-144B-4E5A-9C3C-8484EFD2CA98}.Release|iPhoneSimulator.ActiveCfg = Release|x86
		{7069FDA0-144B-4E5A-9C3C-8484EFD2CA98}.Release|x64.ActiveCfg = Release|x64
		{7069FDA0-144B-4E5A-9C3C-8484EFD2CA98}.Release|x64.Build.0 = Release|x64
		{7069FDA0-144B-4E5A-9C3C-8484EFD2CA98}.Release|x64.Deploy.0 = Release|x64
		{7069FDA0-144B-4E5A-9C3C-8484EFD2CA98}.Release|x86.ActiveCfg = Release|x86
		{7069FDA0-144B-4E5A-9C3C-8484EFD2CA98}.Release|x86.Build.0 = Release|x86
		{7069FDA0-144B-4E5A-9C3C-8484EFD2CA98}.Release|x86.Deploy.0 = Release|x86
		{6F5DAE2B-0ABD-4ACD-B835-881F36B412E6}.Debug|Any CPU.ActiveCfg = Debug|Any CPU
		{6F5DAE2B-0ABD-4ACD-B835-881F36B412E6}.Debug|ARM.ActiveCfg = Debug|Any CPU
		{6F5DAE2B-0ABD-4ACD-B835-881F36B412E6}.Debug|iPhone.ActiveCfg = Debug|Any CPU
		{6F5DAE2B-0ABD-4ACD-B835-881F36B412E6}.Debug|iPhoneSimulator.ActiveCfg = Debug|Any CPU
		{6F5DAE2B-0ABD-4ACD-B835-881F36B412E6}.Debug|x64.ActiveCfg = Debug|Any CPU
		{6F5DAE2B-0ABD-4ACD-B835-881F36B412E6}.Debug|x86.ActiveCfg = Debug|Any CPU
		{6F5DAE2B-0ABD-4ACD-B835-881F36B412E6}.Release|Any CPU.ActiveCfg = Release|Any CPU
		{6F5DAE2B-0ABD-4ACD-B835-881F36B412E6}.Release|ARM.ActiveCfg = Release|Any CPU
		{6F5DAE2B-0ABD-4ACD-B835-881F36B412E6}.Release|iPhone.ActiveCfg = Release|Any CPU
		{6F5DAE2B-0ABD-4ACD-B835-881F36B412E6}.Release|iPhoneSimulator.ActiveCfg = Release|Any CPU
		{6F5DAE2B-0ABD-4ACD-B835-881F36B412E6}.Release|x64.ActiveCfg = Release|Any CPU
		{6F5DAE2B-0ABD-4ACD-B835-881F36B412E6}.Release|x86.ActiveCfg = Release|Any CPU
	EndGlobalSection
	GlobalSection(SolutionProperties) = preSolution
		HideSolutionNode = FALSE
	EndGlobalSection
	GlobalSection(NestedProjects) = preSolution
		{22C5F147-A27E-4513-AC87-B5FF1DC248E3} = {D3D38449-6D2A-44FD-B089-4AC045D64A72}
	EndGlobalSection
	GlobalSection(ExtensibilityGlobals) = postSolution
		SolutionGuid = {94F9BC18-CA1E-4DEE-A459-D8BF387AC7A9}
	EndGlobalSection
EndGlobal
